
Microsoft Visual Studio Solution File, Format Version 12.00
# Visual Studio 15
VisualStudioVersion = 15.0.28010.2036
MinimumVisualStudioVersion = 10.0.40219.1
Project("{9A19103F-16F7-4668-BE54-9A1E7A4F7556}") = "BittrexApi.NetCore", "BittrexApi.NetCore\BittrexApi.NetCore.csproj", "{8A45551D-E479-4CDF-AF9E-C0FEAC182177}"
EndProject
Project("{FAE04EC0-301F-11D3-BF4B-00C04F79EFBC}") = "BittrexApi.NetCore.Tests", "BittrexApi.NetCore.Tests\BittrexApi.NetCore.Tests.csproj", "{785BDED6-2169-44E3-B079-08A9A9DF52F6}"
EndProject
Global
	GlobalSection(SolutionConfigurationPlatforms) = preSolution
		Debug|Any CPU = Debug|Any CPU
		Release|Any CPU = Release|Any CPU
	EndGlobalSection
	GlobalSection(ProjectConfigurationPlatforms) = postSolution
		{8A45551D-E479-4CDF-AF9E-C0FEAC182177}.Debug|Any CPU.ActiveCfg = Debug|Any CPU
		{8A45551D-E479-4CDF-AF9E-C0FEAC182177}.Debug|Any CPU.Build.0 = Debug|Any CPU
		{8A45551D-E479-4CDF-AF9E-C0FEAC182177}.Release|Any CPU.ActiveCfg = Release|Any CPU
		{8A45551D-E479-4CDF-AF9E-C0FEAC182177}.Release|Any CPU.Build.0 = Release|Any CPU
		{785BDED6-2169-44E3-B079-08A9A9DF52F6}.Debug|Any CPU.ActiveCfg = Debug|Any CPU
		{785BDED6-2169-44E3-B079-08A9A9DF52F6}.Debug|Any CPU.Build.0 = Debug|Any CPU
		{785BDED6-2169-44E3-B079-08A9A9DF52F6}.Release|Any CPU.ActiveCfg = Release|Any CPU
		{785BDED6-2169-44E3-B079-08A9A9DF52F6}.Release|Any CPU.Build.0 = Release|Any CPU
	EndGlobalSection
	GlobalSection(SolutionProperties) = preSolution
		HideSolutionNode = FALSE
	EndGlobalSection
	GlobalSection(ExtensibilityGlobals) = postSolution
		SolutionGuid = {02F33F4B-9FAC-4847-A328-D16E3097797A}
	EndGlobalSection
EndGlobal
